
Microsoft Visual Studio Solution File, Format Version 12.00
# Visual Studio Version 17
VisualStudioVersion = 17.3.32929.385
MinimumVisualStudioVersion = 10.0.40219.1
Project("{FAE04EC0-301F-11D3-BF4B-00C04F79EFBC}") = "BlazorWasmTest", "BlazorWasmTest.csproj", "{5F47FC3B-F6A1-45D5-AA1E-103E4C97DF7E}"
EndProject
Global
	GlobalSection(SolutionConfigurationPlatforms) = preSolution
		Debug|Any CPU = Debug|Any CPU
		Release|Any CPU = Release|Any CPU
	EndGlobalSection
	GlobalSection(ProjectConfigurationPlatforms) = postSolution
		{5F47FC3B-F6A1-45D5-AA1E-103E4C97DF7E}.Debug|Any CPU.ActiveCfg = Debug|Any CPU
		{5F47FC3B-F6A1-45D5-AA1E-103E4C97DF7E}.Debug|Any CPU.Build.0 = Debug|Any CPU
		{5F47FC3B-F6A1-45D5-AA1E-103E4C97DF7E}.Release|Any CPU.ActiveCfg = Release|Any CPU
		{5F47FC3B-F6A1-45D5-AA1E-103E4C97DF7E}.Release|Any CPU.Build.0 = Release|Any CPU
	EndGlobalSection
	GlobalSection(SolutionProperties) = preSolution
		HideSolutionNode = FALSE
	EndGlobalSection
	GlobalSection(ExtensibilityGlobals) = postSolution
		SolutionGuid = {D3116EE2-96B8-41CD-B840-9EA9FA86A520}
	EndGlobalSection
EndGlobal
